// !$*UTF8*$!
{
	archiveVersion = 1;
	classes = {
	};
	objectVersion = 55;
	objects = {

/* Begin PBXBuildFile section */
		86AF42DA28AB85FB00726444 /* AppDelegate.swift in Sources */ = {isa = PBXBuildFile; fileRef = 86AF42D928AB85FB00726444 /* AppDelegate.swift */; };
		86AF42DC28AB85FB00726444 /* SceneDelegate.swift in Sources */ = {isa = PBXBuildFile; fileRef = 86AF42DB28AB85FB00726444 /* SceneDelegate.swift */; };
		86AF42DE28AB85FB00726444 /* ViewController.swift in Sources */ = {isa = PBXBuildFile; fileRef = 86AF42DD28AB85FB00726444 /* ViewController.swift */; };
		86AF42E128AB85FB00726444 /* Main.storyboard in Resources */ = {isa = PBXBuildFile; fileRef = 86AF42DF28AB85FB00726444 /* Main.storyboard */; };
		86AF42E328AB85FD00726444 /* Assets.xcassets in Resources */ = {isa = PBXBuildFile; fileRef = 86AF42E228AB85FD00726444 /* Assets.xcassets */; };
		86AF42E628AB85FD00726444 /* LaunchScreen.storyboard in Resources */ = {isa = PBXBuildFile; fileRef = 86AF42E428AB85FD00726444 /* LaunchScreen.storyboard */; };
		F259528385811473ED39C244 /* Pods_ZegoCallInvitationDemo.framework in Frameworks */ = {isa = PBXBuildFile; fileRef = 4159DD02DE77E32086C4C7C0 /* Pods_ZegoCallInvitationDemo.framework */; };
/* End PBXBuildFile section */

/* Begin PBXFileReference section */
		4159DD02DE77E32086C4C7C0 /* Pods_ZegoCallInvitationDemo.framework */ = {isa = PBXFileReference; explicitFileType = wrapper.framework; includeInIndex = 0; path = Pods_ZegoCallInvitationDemo.framework; sourceTree = BUILT_PRODUCTS_DIR; };
		86AF42D628AB85FB00726444 /* ZegoCallInvitationDemo.app */ = {isa = PBXFileReference; explicitFileType = wrapper.application; includeInIndex = 0; path = ZegoCallInvitationDemo.app; sourceTree = BUILT_PRODUCTS_DIR; };
		86AF42D928AB85FB00726444 /* AppDelegate.swift */ = {isa = PBXFileReference; lastKnownFileType = sourcecode.swift; path = AppDelegate.swift; sourceTree = "<group>"; };
		86AF42DB28AB85FB00726444 /* SceneDelegate.swift */ = {isa = PBXFileReference; lastKnownFileType = sourcecode.swift; path = SceneDelegate.swift; sourceTree = "<group>"; };
		86AF42DD28AB85FB00726444 /* ViewController.swift */ = {isa = PBXFileReference; lastKnownFileType = sourcecode.swift; path = ViewController.swift; sourceTree = "<group>"; };
		86AF42E028AB85FB00726444 /* Base */ = {isa = PBXFileReference; lastKnownFileType = file.storyboard; name = Base; path = Base.lproj/Main.storyboard; sourceTree = "<group>"; };
		86AF42E228AB85FD00726444 /* Assets.xcassets */ = {isa = PBXFileReference; lastKnownFileType = folder.assetcatalog; path = Assets.xcassets; sourceTree = "<group>"; };
		86AF42E528AB85FD00726444 /* Base */ = {isa = PBXFileReference; lastKnownFileType = file.storyboard; name = Base; path = Base.lproj/LaunchScreen.storyboard; sourceTree = "<group>"; };
		86AF42E728AB85FD00726444 /* Info.plist */ = {isa = PBXFileReference; lastKnownFileType = text.plist.xml; path = Info.plist; sourceTree = "<group>"; };
		91D49382969ABDD814F41637 /* Pods-ZegoCallInvitationDemo.release.xcconfig */ = {isa = PBXFileReference; includeInIndex = 1; lastKnownFileType = text.xcconfig; name = "Pods-ZegoCallInvitationDemo.release.xcconfig"; path = "Target Support Files/Pods-ZegoCallInvitationDemo/Pods-ZegoCallInvitationDemo.release.xcconfig"; sourceTree = "<group>"; };
		9A25A357D305A4CA4E04BDD8 /* Pods-ZegoCallInvitationDemo.debug.xcconfig */ = {isa = PBXFileReference; includeInIndex = 1; lastKnownFileType = text.xcconfig; name = "Pods-ZegoCallInvitationDemo.debug.xcconfig"; path = "Target Support Files/Pods-ZegoCallInvitationDemo/Pods-ZegoCallInvitationDemo.debug.xcconfig"; sourceTree = "<group>"; };
/* End PBXFileReference section */

/* Begin PBXFrameworksBuildPhase section */
		86AF42D328AB85FB00726444 /* Frameworks */ = {
			isa = PBXFrameworksBuildPhase;
			buildActionMask = 2147483647;
			files = (
				F259528385811473ED39C244 /* Pods_ZegoCallInvitationDemo.framework in Frameworks */,
			);
			runOnlyForDeploymentPostprocessing = 0;
		};
/* End PBXFrameworksBuildPhase section */

/* Begin PBXGroup section */
		78EB06BD4365635B3D68603E /* Pods */ = {
			isa = PBXGroup;
			children = (
				9A25A357D305A4CA4E04BDD8 /* Pods-ZegoCallInvitationDemo.debug.xcconfig */,
				91D49382969ABDD814F41637 /* Pods-ZegoCallInvitationDemo.release.xcconfig */,
			);
			path = Pods;
			sourceTree = "<group>";
		};
		86AF42CD28AB85FB00726444 = {
			isa = PBXGroup;
			children = (
				86AF42D828AB85FB00726444 /* ZegoCallInvitationDemo */,
				86AF42D728AB85FB00726444 /* Products */,
				78EB06BD4365635B3D68603E /* Pods */,
				D7C18B37978E85CB9322C55A /* Frameworks */,
			);
			sourceTree = "<group>";
		};
		86AF42D728AB85FB00726444 /* Products */ = {
			isa = PBXGroup;
			children = (
				86AF42D628AB85FB00726444 /* ZegoCallInvitationDemo.app */,
			);
			name = Products;
			sourceTree = "<group>";
		};
		86AF42D828AB85FB00726444 /* ZegoCallInvitationDemo */ = {
			isa = PBXGroup;
			children = (
				86AF42D928AB85FB00726444 /* AppDelegate.swift */,
				86AF42DB28AB85FB00726444 /* SceneDelegate.swift */,
				86AF42DD28AB85FB00726444 /* ViewController.swift */,
				86AF42DF28AB85FB00726444 /* Main.storyboard */,
				86AF42E228AB85FD00726444 /* Assets.xcassets */,
				86AF42E428AB85FD00726444 /* LaunchScreen.storyboard */,
				86AF42E728AB85FD00726444 /* Info.plist */,
			);
			path = ZegoCallInvitationDemo;
			sourceTree = "<group>";
		};
		D7C18B37978E85CB9322C55A /* Frameworks */ = {
			isa = PBXGroup;
			children = (
				4159DD02DE77E32086C4C7C0 /* Pods_ZegoCallInvitationDemo.framework */,
			);
			name = Frameworks;
			sourceTree = "<group>";
		};
/* End PBXGroup section */

/* Begin PBXNativeTarget section */
		86AF42D528AB85FB00726444 /* ZegoCallInvitationDemo */ = {
			isa = PBXNativeTarget;
			buildConfigurationList = 86AF42EA28AB85FD00726444 /* Build configuration list for PBXNativeTarget "ZegoCallInvitationDemo" */;
			buildPhases = (
				C9620852401DCFDC8C2E23B3 /* [CP] Check Pods Manifest.lock */,
				86AF42D228AB85FB00726444 /* Sources */,
				86AF42D328AB85FB00726444 /* Frameworks */,
				86AF42D428AB85FB00726444 /* Resources */,
				578897DA0C347459120E402C /* [CP] Embed Pods Frameworks */,
			);
			buildRules = (
			);
			dependencies = (
			);
			name = ZegoCallInvitationDemo;
			productName = ZegoCallInvitationDemo;
			productReference = 86AF42D628AB85FB00726444 /* ZegoCallInvitationDemo.app */;
			productType = "com.apple.product-type.application";
		};
/* End PBXNativeTarget section */

/* Begin PBXProject section */
		86AF42CE28AB85FB00726444 /* Project object */ = {
			isa = PBXProject;
			attributes = {
				BuildIndependentTargetsInParallel = 1;
				LastSwiftUpdateCheck = 1310;
				LastUpgradeCheck = 1310;
				TargetAttributes = {
					86AF42D528AB85FB00726444 = {
						CreatedOnToolsVersion = 13.1;
					};
				};
			};
			buildConfigurationList = 86AF42D128AB85FB00726444 /* Build configuration list for PBXProject "ZegoCallInvitationDemo" */;
			compatibilityVersion = "Xcode 13.0";
			developmentRegion = en;
			hasScannedForEncodings = 0;
			knownRegions = (
				en,
				Base,
			);
			mainGroup = 86AF42CD28AB85FB00726444;
			productRefGroup = 86AF42D728AB85FB00726444 /* Products */;
			projectDirPath = "";
			projectRoot = "";
			targets = (
				86AF42D528AB85FB00726444 /* ZegoCallInvitationDemo */,
			);
		};
/* End PBXProject section */

/* Begin PBXResourcesBuildPhase section */
		86AF42D428AB85FB00726444 /* Resources */ = {
			isa = PBXResourcesBuildPhase;
			buildActionMask = 2147483647;
			files = (
				86AF42E628AB85FD00726444 /* LaunchScreen.storyboard in Resources */,
				86AF42E328AB85FD00726444 /* Assets.xcassets in Resources */,
				86AF42E128AB85FB00726444 /* Main.storyboard in Resources */,
			);
			runOnlyForDeploymentPostprocessing = 0;
		};
/* End PBXResourcesBuildPhase section */

/* Begin PBXShellScriptBuildPhase section */
		578897DA0C347459120E402C /* [CP] Embed Pods Frameworks */ = {
			isa = PBXShellScriptBuildPhase;
			buildActionMask = 2147483647;
			files = (
			);
			inputFileListPaths = (
				"${PODS_ROOT}/Target Support Files/Pods-ZegoCallInvitationDemo/Pods-ZegoCallInvitationDemo-frameworks-${CONFIGURATION}-input-files.xcfilelist",
			);
			name = "[CP] Embed Pods Frameworks";
			outputFileListPaths = (
				"${PODS_ROOT}/Target Support Files/Pods-ZegoCallInvitationDemo/Pods-ZegoCallInvitationDemo-frameworks-${CONFIGURATION}-output-files.xcfilelist",
			);
			runOnlyForDeploymentPostprocessing = 0;
			shellPath = /bin/sh;
			shellScript = "\"${PODS_ROOT}/Target Support Files/Pods-ZegoCallInvitationDemo/Pods-ZegoCallInvitationDemo-frameworks.sh\"\n";
			showEnvVarsInLog = 0;
		};
		C9620852401DCFDC8C2E23B3 /* [CP] Check Pods Manifest.lock */ = {
			isa = PBXShellScriptBuildPhase;
			buildActionMask = 2147483647;
			files = (
			);
			inputFileListPaths = (
			);
			inputPaths = (
				"${PODS_PODFILE_DIR_PATH}/Podfile.lock",
				"${PODS_ROOT}/Manifest.lock",
			);
			name = "[CP] Check Pods Manifest.lock";
			outputFileListPaths = (
			);
			outputPaths = (
				"$(DERIVED_FILE_DIR)/Pods-ZegoCallInvitationDemo-checkManifestLockResult.txt",
			);
			runOnlyForDeploymentPostprocessing = 0;
			shellPath = /bin/sh;
			shellScript = "diff \"${PODS_PODFILE_DIR_PATH}/Podfile.lock\" \"${PODS_ROOT}/Manifest.lock\" > /dev/null\nif [ $? != 0 ] ; then\n    # print error to STDERR\n    echo \"error: The sandbox is not in sync with the Podfile.lock. Run 'pod install' or update your CocoaPods installation.\" >&2\n    exit 1\nfi\n# This output is used by Xcode 'outputs' to avoid re-running this script phase.\necho \"SUCCESS\" > \"${SCRIPT_OUTPUT_FILE_0}\"\n";
			showEnvVarsInLog = 0;
		};
/* End PBXShellScriptBuildPhase section */

/* Begin PBXSourcesBuildPhase section */
		86AF42D228AB85FB00726444 /* Sources */ = {
			isa = PBXSourcesBuildPhase;
			buildActionMask = 2147483647;
			files = (
				86AF42DE28AB85FB00726444 /* ViewController.swift in Sources */,
				86AF42DA28AB85FB00726444 /* AppDelegate.swift in Sources */,
				86AF42DC28AB85FB00726444 /* SceneDelegate.swift in Sources */,
			);
			runOnlyForDeploymentPostprocessing = 0;
		};
/* End PBXSourcesBuildPhase section */

/* Begin PBXVariantGroup section */
		86AF42DF28AB85FB00726444 /* Main.storyboard */ = {
			isa = PBXVariantGroup;
			children = (
				86AF42E028AB85FB00726444 /* Base */,
			);
			name = Main.storyboard;
			sourceTree = "<group>";
		};
		86AF42E428AB85FD00726444 /* LaunchScreen.storyboard */ = {
			isa = PBXVariantGroup;
			children = (
				86AF42E528AB85FD00726444 /* Base */,
			);
			name = LaunchScreen.storyboard;
			sourceTree = "<group>";
		};
/* End PBXVariantGroup section */

/* Begin XCBuildConfiguration section */
		86AF42E828AB85FD00726444 /* Debug */ = {
			isa = XCBuildConfiguration;
			buildSettings = {
				ALWAYS_SEARCH_USER_PATHS = NO;
				CLANG_ANALYZER_NONNULL = YES;
				CLANG_ANALYZER_NUMBER_OBJECT_CONVERSION = YES_AGGRESSIVE;
				CLANG_CXX_LANGUAGE_STANDARD = "gnu++17";
				CLANG_CXX_LIBRARY = "libc++";
				CLANG_ENABLE_MODULES = YES;
				CLANG_ENABLE_OBJC_ARC = YES;
				CLANG_ENABLE_OBJC_WEAK = YES;
				CLANG_WARN_BLOCK_CAPTURE_AUTORELEASING = YES;
				CLANG_WARN_BOOL_CONVERSION = YES;
				CLANG_WARN_COMMA = YES;
				CLANG_WARN_CONSTANT_CONVERSION = YES;
				CLANG_WARN_DEPRECATED_OBJC_IMPLEMENTATIONS = YES;
				CLANG_WARN_DIRECT_OBJC_ISA_USAGE = YES_ERROR;
				CLANG_WARN_DOCUMENTATION_COMMENTS = YES;
				CLANG_WARN_EMPTY_BODY = YES;
				CLANG_WARN_ENUM_CONVERSION = YES;
				CLANG_WARN_INFINITE_RECURSION = YES;
				CLANG_WARN_INT_CONVERSION = YES;
				CLANG_WARN_NON_LITERAL_NULL_CONVERSION = YES;
				CLANG_WARN_OBJC_IMPLICIT_RETAIN_SELF = YES;
				CLANG_WARN_OBJC_LITERAL_CONVERSION = YES;
				CLANG_WARN_OBJC_ROOT_CLASS = YES_ERROR;
				CLANG_WARN_QUOTED_INCLUDE_IN_FRAMEWORK_HEADER = YES;
				CLANG_WARN_RANGE_LOOP_ANALYSIS = YES;
				CLANG_WARN_STRICT_PROTOTYPES = YES;
				CLANG_WARN_SUSPICIOUS_MOVE = YES;
				CLANG_WARN_UNGUARDED_AVAILABILITY = YES_AGGRESSIVE;
				CLANG_WARN_UNREACHABLE_CODE = YES;
				CLANG_WARN__DUPLICATE_METHOD_MATCH = YES;
				COPY_PHASE_STRIP = NO;
				DEBUG_INFORMATION_FORMAT = dwarf;
				ENABLE_STRICT_OBJC_MSGSEND = YES;
				ENABLE_TESTABILITY = YES;
				GCC_C_LANGUAGE_STANDARD = gnu11;
				GCC_DYNAMIC_NO_PIC = NO;
				GCC_NO_COMMON_BLOCKS = YES;
				GCC_OPTIMIZATION_LEVEL = 0;
				GCC_PREPROCESSOR_DEFINITIONS = (
					"DEBUG=1",
					"$(inherited)",
				);
				GCC_WARN_64_TO_32_BIT_CONVERSION = YES;
				GCC_WARN_ABOUT_RETURN_TYPE = YES_ERROR;
				GCC_WARN_UNDECLARED_SELECTOR = YES;
				GCC_WARN_UNINITIALIZED_AUTOS = YES_AGGRESSIVE;
				GCC_WARN_UNUSED_FUNCTION = YES;
				GCC_WARN_UNUSED_VARIABLE = YES;
				IPHONEOS_DEPLOYMENT_TARGET = 15.0;
				MTL_ENABLE_DEBUG_INFO = INCLUDE_SOURCE;
				MTL_FAST_MATH = YES;
				ONLY_ACTIVE_ARCH = YES;
				SDKROOT = iphoneos;
				SWIFT_ACTIVE_COMPILATION_CONDITIONS = DEBUG;
				SWIFT_OPTIMIZATION_LEVEL = "-Onone";
			};
			name = Debug;
		};
		86AF42E928AB85FD00726444 /* Release */ = {
			isa = XCBuildConfiguration;
			buildSettings = {
				ALWAYS_SEARCH_USER_PATHS = NO;
				CLANG_ANALYZER_NONNULL = YES;
				CLANG_ANALYZER_NUMBER_OBJECT_CONVERSION = YES_AGGRESSIVE;
				CLANG_CXX_LANGUAGE_STANDARD = "gnu++17";
				CLANG_CXX_LIBRARY = "libc++";
				CLANG_ENABLE_MODULES = YES;
				CLANG_ENABLE_OBJC_ARC = YES;
				CLANG_ENABLE_OBJC_WEAK = YES;
				CLANG_WARN_BLOCK_CAPTURE_AUTORELEASING = YES;
				CLANG_WARN_BOOL_CONVERSION = YES;
				CLANG_WARN_COMMA = YES;
				CLANG_WARN_CONSTANT_CONVERSION = YES;
				CLANG_WARN_DEPRECATED_OBJC_IMPLEMENTATIONS = YES;
				CLANG_WARN_DIRECT_OBJC_ISA_USAGE = YES_ERROR;
				CLANG_WARN_DOCUMENTATION_COMMENTS = YES;
				CLANG_WARN_EMPTY_BODY = YES;
				CLANG_WARN_ENUM_CONVERSION = YES;
				CLANG_WARN_INFINITE_RECURSION = YES;
				CLANG_WARN_INT_CONVERSION = YES;
				CLANG_WARN_NON_LITERAL_NULL_CONVERSION = YES;
				CLANG_WARN_OBJC_IMPLICIT_RETAIN_SELF = YES;
				CLANG_WARN_OBJC_LITERAL_CONVERSION = YES;
				CLANG_WARN_OBJC_ROOT_CLASS = YES_ERROR;
				CLANG_WARN_QUOTED_INCLUDE_IN_FRAMEWORK_HEADER = YES;
				CLANG_WARN_RANGE_LOOP_ANALYSIS = YES;
				CLANG_WARN_STRICT_PROTOTYPES = YES;
				CLANG_WARN_SUSPICIOUS_MOVE = YES;
				CLANG_WARN_UNGUARDED_AVAILABILITY = YES_AGGRESSIVE;
				CLANG_WARN_UNREACHABLE_CODE = YES;
				CLANG_WARN__DUPLICATE_METHOD_MATCH = YES;
				COPY_PHASE_STRIP = NO;
				DEBUG_INFORMATION_FORMAT = "dwarf-with-dsym";
				ENABLE_NS_ASSERTIONS = NO;
				ENABLE_STRICT_OBJC_MSGSEND = YES;
				GCC_C_LANGUAGE_STANDARD = gnu11;
				GCC_NO_COMMON_BLOCKS = YES;
				GCC_WARN_64_TO_32_BIT_CONVERSION = YES;
				GCC_WARN_ABOUT_RETURN_TYPE = YES_ERROR;
				GCC_WARN_UNDECLARED_SELECTOR = YES;
				GCC_WARN_UNINITIALIZED_AUTOS = YES_AGGRESSIVE;
				GCC_WARN_UNUSED_FUNCTION = YES;
				GCC_WARN_UNUSED_VARIABLE = YES;
				IPHONEOS_DEPLOYMENT_TARGET = 15.0;
				MTL_ENABLE_DEBUG_INFO = NO;
				MTL_FAST_MATH = YES;
				SDKROOT = iphoneos;
				SWIFT_COMPILATION_MODE = wholemodule;
				SWIFT_OPTIMIZATION_LEVEL = "-O";
				VALIDATE_PRODUCT = YES;
			};
			name = Release;
		};
		86AF42EB28AB85FD00726444 /* Debug */ = {
			isa = XCBuildConfiguration;
			baseConfigurationReference = 9A25A357D305A4CA4E04BDD8 /* Pods-ZegoCallInvitationDemo.debug.xcconfig */;
			buildSettings = {
				ASSETCATALOG_COMPILER_APPICON_NAME = AppIcon;
				ASSETCATALOG_COMPILER_GLOBAL_ACCENT_COLOR_NAME = AccentColor;
				CODE_SIGN_STYLE = Automatic;
				CURRENT_PROJECT_VERSION = 1;
				DEVELOPMENT_TEAM = B82BHJ5H89;
				GENERATE_INFOPLIST_FILE = YES;
				INFOPLIST_FILE = ZegoCallInvitationDemo/Info.plist;
				INFOPLIST_KEY_NSCameraUsageDescription = "We need to use your camera to help you join the call.";
				INFOPLIST_KEY_NSMicrophoneUsageDescription = "We need to use your mic to help you join the call.";
				INFOPLIST_KEY_UIApplicationSupportsIndirectInputEvents = YES;
				INFOPLIST_KEY_UILaunchStoryboardName = LaunchScreen;
				INFOPLIST_KEY_UIMainStoryboardFile = Main;
				INFOPLIST_KEY_UISupportedInterfaceOrientations_iPad = "UIInterfaceOrientationPortrait UIInterfaceOrientationPortraitUpsideDown UIInterfaceOrientationLandscapeLeft UIInterfaceOrientationLandscapeRight";
				INFOPLIST_KEY_UISupportedInterfaceOrientations_iPhone = "UIInterfaceOrientationPortrait UIInterfaceOrientationLandscapeLeft UIInterfaceOrientationLandscapeRight";
				IPHONEOS_DEPLOYMENT_TARGET = 13.0;
				LD_RUNPATH_SEARCH_PATHS = (
					"$(inherited)",
					"@executable_path/Frameworks",
				);
				MARKETING_VERSION = 1.0;
				PRODUCT_BUNDLE_IDENTIFIER = im.zego.callInvitationdemo.ZegoCallInvitationDemo;
				PRODUCT_NAME = "$(TARGET_NAME)";
				SWIFT_EMIT_LOC_STRINGS = YES;
				SWIFT_VERSION = 5.0;
				TARGETED_DEVICE_FAMILY = "1,2";
			};
			name = Debug;
		};
		86AF42EC28AB85FD00726444 /* Release */ = {
			isa = XCBuildConfiguration;
			baseConfigurationReference = 91D49382969ABDD814F41637 /* Pods-ZegoCallInvitationDemo.release.xcconfig */;
			buildSettings = {
				ASSETCATALOG_COMPILER_APPICON_NAME = AppIcon;
				ASSETCATALOG_COMPILER_GLOBAL_ACCENT_COLOR_NAME = AccentColor;
				CODE_SIGN_STYLE = Automatic;
				CURRENT_PROJECT_VERSION = 1;
				DEVELOPMENT_TEAM = B82BHJ5H89;
				GENERATE_INFOPLIST_FILE = YES;
				INFOPLIST_FILE = ZegoCallInvitationDemo/Info.plist;
				INFOPLIST_KEY_NSCameraUsageDescription = "We need to use your camera to help you join the call.";
				INFOPLIST_KEY_NSMicrophoneUsageDescription = "We need to use your mic to help you join the call.";
				INFOPLIST_KEY_UIApplicationSupportsIndirectInputEvents = YES;
				INFOPLIST_KEY_UILaunchStoryboardName = LaunchScreen;
				INFOPLIST_KEY_UIMainStoryboardFile = Main;
				INFOPLIST_KEY_UISupportedInterfaceOrientations_iPad = "UIInterfaceOrientationPortrait UIInterfaceOrientationPortraitUpsideDown UIInterfaceOrientationLandscapeLeft UIInterfaceOrientationLandscapeRight";
				INFOPLIST_KEY_UISupportedInterfaceOrientations_iPhone = "UIInterfaceOrientationPortrait UIInterfaceOrientationLandscapeLeft UIInterfaceOrientationLandscapeRight";
				IPHONEOS_DEPLOYMENT_TARGET = 13.0;
				LD_RUNPATH_SEARCH_PATHS = (
					"$(inherited)",
					"@executable_path/Frameworks",
				);
				MARKETING_VERSION = 1.0;
				PRODUCT_BUNDLE_IDENTIFIER = im.zego.callInvitationdemo.ZegoCallInvitationDemo;
				PRODUCT_NAME = "$(TARGET_NAME)";
				SWIFT_EMIT_LOC_STRINGS = YES;
				SWIFT_VERSION = 5.0;
				TARGETED_DEVICE_FAMILY = "1,2";
			};
			name = Release;
		};
/* End XCBuildConfiguration section */

/* Begin XCConfigurationList section */
		86AF42D128AB85FB00726444 /* Build configuration list for PBXProject "ZegoCallInvitationDemo" */ = {
			isa = XCConfigurationList;
			buildConfigurations = (
				86AF42E828AB85FD00726444 /* Debug */,
				86AF42E928AB85FD00726444 /* Release */,
			);
			defaultConfigurationIsVisible = 0;
			defaultConfigurationName = Release;
		};
		86AF42EA28AB85FD00726444 /* Build configuration list for PBXNativeTarget "ZegoCallInvitationDemo" */ = {
			isa = XCConfigurationList;
			buildConfigurations = (
				86AF42EB28AB85FD00726444 /* Debug */,
				86AF42EC28AB85FD00726444 /* Release */,
			);
			defaultConfigurationIsVisible = 0;
			defaultConfigurationName = Release;
		};
/* End XCConfigurationList section */
	};
	rootObject = 86AF42CE28AB85FB00726444 /* Project object */;
}
