PODS:
  - ZegoExpressEngine (2.22.0):
    - ZegoExpressEngine/Video (= 2.22.0)
  - ZegoExpressEngine/Video (2.22.0)
  - ZIM (2.3.0)

DEPENDENCIES:
  - ZegoExpressEngine
  - ZIM (>= 2.3.0)

SPEC REPOS:
  trunk:
    - ZegoExpressEngine
    - ZIM

SPEC CHECKSUMS:
  ZegoExpressEngine: d8287ecfe9125b2d0e9c2f370e2a5d283e8f6c3a
  ZIM: d972fa0039e3a2fca200f443f9942642f06e4a9b

PODFILE CHECKSUM: 70a332cec15ede18658d885784c5f9faf32ca8f0

COCOAPODS: 1.11.3
